
Microsoft Visual Studio Solution File, Format Version 12.00
# Visual Studio Version 16
VisualStudioVersion = 16.0.31515.178
MinimumVisualStudioVersion = 10.0.40219.1
Project("{888888A0-9F3D-457C-B088-3A5042F75D52}") = "Strings And Dates", "Strings And Dates.pyproj", "{51F8929C-E7AF-4D58-A8AC-470F83631BA1}"
EndProject
Global
	GlobalSection(SolutionConfigurationPlatforms) = preSolution
		Debug|Any CPU = Debug|Any CPU
		Release|Any CPU = Release|Any CPU
	EndGlobalSection
	GlobalSection(ProjectConfigurationPlatforms) = postSolution
		{51F8929C-E7AF-4D58-A8AC-470F83631BA1}.Debug|Any CPU.ActiveCfg = Debug|Any CPU
		{51F8929C-E7AF-4D58-A8AC-470F83631BA1}.Release|Any CPU.ActiveCfg = Release|Any CPU
	EndGlobalSection
	GlobalSection(SolutionProperties) = preSolution
		HideSolutionNode = FALSE
	EndGlobalSection
	GlobalSection(ExtensibilityGlobals) = postSolution
		SolutionGuid = {184B726E-1D57-4162-A03A-167036497B27}
	EndGlobalSection
EndGlobal
